# @generated - this file is auto-generated by `mise lock` https://mise.jdx.dev/dev-tools/mise-lock.html

[[tools."github:go-task/task"]]
version = "3.50.0"
backend = "github:go-task/task"

[tools."github:go-task/task"."platforms.linux-arm64"]
checksum = "sha256:ee67e7d999a4a70711bff1946c70bf76628012c91d9be55626ee90ba976897da"
url = "https://github.com/go-task/task/releases/download/v3.50.0/task_linux_arm64.tar.gz"
url_api = "https://api.github.com/repos/go-task/task/releases/assets/395680598"

[tools."github:go-task/task"."platforms.linux-arm64-musl"]
checksum = "sha256:ee67e7d999a4a70711bff1946c70bf76628012c91d9be55626ee90ba976897da"
url = "https://github.com/go-task/task/releases/download/v3.50.0/task_linux_arm64.tar.gz"
url_api = "https://api.github.com/repos/go-task/task/releases/assets/395680598"

[tools."github:go-task/task"."platforms.linux-x64"]
checksum = "sha256:d449ba85ab85a0769989d78f8b9872938e4ba9347f7f4f925f73d98272a0a655"
url = "https://github.com/go-task/task/releases/download/v3.50.0/task_linux_amd64.tar.gz"
url_api = "https://api.github.com/repos/go-task/task/releases/assets/395680585"

[tools."github:go-task/task"."platforms.linux-x64-musl"]
checksum = "sha256:d449ba85ab85a0769989d78f8b9872938e4ba9347f7f4f925f73d98272a0a655"
url = "https://github.com/go-task/task/releases/download/v3.50.0/task_linux_amd64.tar.gz"
url_api = "https://api.github.com/repos/go-task/task/releases/assets/395680585"

[tools."github:go-task/task"."platforms.macos-arm64"]
checksum = "sha256:838b7954f227b5e8f798ad83111195aed810cf4f98dfabef4aa77ea065dd74b0"
url = "https://github.com/go-task/task/releases/download/v3.50.0/task_darwin_arm64.tar.gz"
url_api = "https://api.github.com/repos/go-task/task/releases/assets/395680586"

[tools."github:go-task/task"."platforms.macos-x64"]
checksum = "sha256:da3ba003ec049fb8be1ff798132c951dcd08a60efbdc2d1e918bf2095cd4a39c"
url = "https://github.com/go-task/task/releases/download/v3.50.0/task_darwin_amd64.tar.gz"
url_api = "https://api.github.com/repos/go-task/task/releases/assets/395680563"

[tools."github:go-task/task"."platforms.windows-arm64"]
checksum = "sha256:e41ecc600429b9673ecdb45d35f04d96b4f148d83d3d1af496b8177f86ef8d83"
url = "https://github.com/go-task/task/releases/download/v3.50.0/task_windows_arm64.zip"
url_api = "https://api.github.com/repos/go-task/task/releases/assets/395680617"

[tools."github:go-task/task"."platforms.windows-x64"]
checksum = "sha256:82c20fbd19ac62073b8ecf89e026fbd209f702a2922106e4ff2ed6934d193038"
url = "https://github.com/go-task/task/releases/download/v3.50.0/task_windows_amd64.zip"
url_api = "https://api.github.com/repos/go-task/task/releases/assets/395680600"

[[tools."github:protocolbuffers/protobuf"]]
version = "23.4"
backend = "github:protocolbuffers/protobuf"

[tools."github:protocolbuffers/protobuf"."platforms.linux-arm64"]
url = "https://github.com/protocolbuffers/protobuf/releases/download/v23.4/protoc-23.4-linux-aarch_64.zip"
url_api = "https://api.github.com/repos/protocolbuffers/protobuf/releases/assets/115884195"

[tools."github:protocolbuffers/protobuf"."platforms.linux-arm64-musl"]
url = "https://github.com/protocolbuffers/protobuf/releases/download/v23.4/protoc-23.4-linux-aarch_64.zip"
url_api = "https://api.github.com/repos/protocolbuffers/protobuf/releases/assets/115884195"

[tools."github:protocolbuffers/protobuf"."platforms.linux-x64"]
url = "https://github.com/protocolbuffers/protobuf/releases/download/v23.4/protoc-23.4-linux-x86_64.zip"
url_api = "https://api.github.com/repos/protocolbuffers/protobuf/releases/assets/115884202"

[tools."github:protocolbuffers/protobuf"."platforms.linux-x64-musl"]
url = "https://github.com/protocolbuffers/protobuf/releases/download/v23.4/protoc-23.4-linux-x86_64.zip"
url_api = "https://api.github.com/repos/protocolbuffers/protobuf/releases/assets/115884202"

[tools."github:protocolbuffers/protobuf"."platforms.macos-arm64"]
checksum = "blake3:bfbde8becc7226a0d0f889f9a05329564278ee1e9885d45d278ada4de07ddf88"
url = "https://github.com/protocolbuffers/protobuf/releases/download/v23.4/protoc-23.4-osx-aarch_64.zip"
url_api = "https://api.github.com/repos/protocolbuffers/protobuf/releases/assets/115884203"

[tools."github:protocolbuffers/protobuf"."platforms.macos-x64"]
url = "https://github.com/protocolbuffers/protobuf/releases/download/v23.4/protoc-23.4-osx-x86_64.zip"
url_api = "https://api.github.com/repos/protocolbuffers/protobuf/releases/assets/115884205"

[tools."github:protocolbuffers/protobuf"."platforms.windows-arm64"]
url = "https://github.com/protocolbuffers/protobuf/releases/download/v23.4/protoc-23.4-win32.zip"
url_api = "https://api.github.com/repos/protocolbuffers/protobuf/releases/assets/115884207"

[tools."github:protocolbuffers/protobuf"."platforms.windows-x64"]
url = "https://github.com/protocolbuffers/protobuf/releases/download/v23.4/protoc-23.4-win32.zip"
url_api = "https://api.github.com/repos/protocolbuffers/protobuf/releases/assets/115884207"

[[tools.go]]
version = "1.26.5"
backend = "core:go"

[tools.go."platforms.linux-arm64"]
checksum = "sha256:fe4789e92b1f33358680864bbe8704289e7bb5fc207d80623c308935bd696d49"
url = "https://dl.google.com/go/go1.26.5.linux-arm64.tar.gz"

[tools.go."platforms.linux-arm64-musl"]
checksum = "sha256:fe4789e92b1f33358680864bbe8704289e7bb5fc207d80623c308935bd696d49"
url = "https://dl.google.com/go/go1.26.5.linux-arm64.tar.gz"

[tools.go."platforms.linux-x64"]
checksum = "sha256:5c2c3b16caefa1d968a94c1daca04a7ca301a496d9b086e17ad77bb81393f053"
url = "https://dl.google.com/go/go1.26.5.linux-amd64.tar.gz"

[tools.go."platforms.linux-x64-musl"]
checksum = "sha256:5c2c3b16caefa1d968a94c1daca04a7ca301a496d9b086e17ad77bb81393f053"
url = "https://dl.google.com/go/go1.26.5.linux-amd64.tar.gz"

[tools.go."platforms.macos-arm64"]
checksum = "sha256:efb87ff28af9a188d0536ef5d42e63dd52ba8263cd7344a993cc48dd11dedb6a"
url = "https://dl.google.com/go/go1.26.5.darwin-arm64.tar.gz"

[tools.go."platforms.macos-x64"]
checksum = "sha256:6231d8d3b8f5552ec6cbf6d685bdd5482e1e703214b120e89b3bf0d7bf1ef725"
url = "https://dl.google.com/go/go1.26.5.darwin-amd64.tar.gz"

[tools.go."platforms.windows-arm64"]
checksum = "sha256:f96ee46396d69f1e231c8d981ec6a70216238a646a1f2cd74aea0d0016bbc017"
url = "https://dl.google.com/go/go1.26.5.windows-arm64.zip"

[tools.go."platforms.windows-x64"]
checksum = "sha256:97e6b2a833b6d89f9ff17d25419ac0a7e3b482a044e9ab18cdef834bd834fd38"
url = "https://dl.google.com/go/go1.26.5.windows-amd64.zip"

[[tools."go:github.com/golangci/golangci-lint/v2/cmd/golangci-lint"]]
version = "2.9.0"
backend = "go:github.com/golangci/golangci-lint/v2/cmd/golangci-lint"

[[tools.node]]
version = "24.14.0"
backend = "core:node"

[tools.node."platforms.linux-arm64"]
checksum = "sha256:f44740cd218de8127f1c44c41510a3a740fa5c9c8d1cdce1c3bedada79f3cde7"
url = "https://nodejs.org/dist/v24.14.0/node-v24.14.0-linux-arm64.tar.gz"

[tools.node."platforms.linux-arm64-musl"]
checksum = "sha256:8f81d47b7f443455709d44eae8669591de2e58b37d3c2cb0aec667b6e6f826c1"
url = "https://unofficial-builds.nodejs.org/download/release/v24.14.0/node-v24.14.0-linux-arm64-musl.tar.gz"

[tools.node."platforms.linux-x64"]
checksum = "sha256:dbf5b8665dec15e59e6359a517fefb47b23fdb9152d8def975b9bca3dfc6d355"
url = "https://nodejs.org/dist/v24.14.0/node-v24.14.0-linux-x64.tar.gz"

[tools.node."platforms.linux-x64-musl"]
checksum = "sha256:bae0f2320448d5c744bcd4878081b483194d8b0f0eaab2b37d7f81df739c5a95"
url = "https://unofficial-builds.nodejs.org/download/release/v24.14.0/node-v24.14.0-linux-x64-musl.tar.gz"

[tools.node."platforms.macos-arm64"]
checksum = "sha256:a1a54f46a750d2523d628d924aab61758a51c9dad3e0238beb14141be9615dd3"
url = "https://nodejs.org/dist/v24.14.0/node-v24.14.0-darwin-arm64.tar.gz"

[tools.node."platforms.macos-x64"]
checksum = "sha256:f2879eb810e25993a0578e5d878930266fd2eafcffe9f2839b3d8db354d4879e"
url = "https://nodejs.org/dist/v24.14.0/node-v24.14.0-darwin-x64.tar.gz"

[tools.node."platforms.windows-arm64"]
checksum = "sha256:88d36e8109736a2fa9bdc596f2cf507a3c52c69cdf96e54f8acd473ec14be853"
url = "https://nodejs.org/dist/v24.14.0/node-v24.14.0-win-arm64.zip"

[tools.node."platforms.windows-x64"]
checksum = "sha256:313fa40c0d7b18575821de8cb17483031fe07d95de5994f6f435f3b345f85c66"
url = "https://nodejs.org/dist/v24.14.0/node-v24.14.0-win-x64.zip"

[[tools."npm:npm"]]
version = "11.0.0"
backend = "npm:npm"

[[tools.python]]
version = "3.10.20"
backend = "core:python"

[tools.python."platforms.linux-arm64"]
checksum = "sha256:2d9a5d103129bd8155f0332f3f876df90364038e59945369fa73fed15e6a2474"
url = "https://github.com/astral-sh/python-build-standalone/releases/download/20260623/cpython-3.10.20+20260623-aarch64-unknown-linux-gnu-install_only_stripped.tar.gz"
provenance = "github-attestations"

[tools.python."platforms.linux-arm64-musl"]
checksum = "sha256:c69776d67791f33f14e00224bc19f013d9a01a857ae26e9b381fb09adf3a03b8"
url = "https://github.com/astral-sh/python-build-standalone/releases/download/20260623/cpython-3.10.20+20260623-aarch64-unknown-linux-musl-install_only_stripped.tar.gz"
provenance = "github-attestations"

[tools.python."platforms.linux-x64"]
checksum = "sha256:ac308036658cee12537c90bf85985f348160663dfab8550f25fc19bf10695573"
url = "https://github.com/astral-sh/python-build-standalone/releases/download/20260623/cpython-3.10.20+20260623-x86_64-unknown-linux-gnu-install_only_stripped.tar.gz"
provenance = "github-attestations"

[tools.python."platforms.linux-x64-musl"]
checksum = "sha256:ada10acaebec935cf04ee1cd580dc52b47f71064ccca75669b5a3241af3eadc2"
url = "https://github.com/astral-sh/python-build-standalone/releases/download/20260623/cpython-3.10.20+20260623-x86_64-unknown-linux-musl-install_only_stripped.tar.gz"
provenance = "github-attestations"

[tools.python."platforms.macos-arm64"]
checksum = "sha256:1b966fa4f23c0b9a68eafa1c5720c86a622d5fbfedd49a38fe17e18987149caf"
url = "https://github.com/astral-sh/python-build-standalone/releases/download/20260623/cpython-3.10.20+20260623-aarch64-apple-darwin-install_only_stripped.tar.gz"
provenance = "github-attestations"

[tools.python."platforms.macos-x64"]
checksum = "sha256:7532d3a1a1b53dd302bc91a409fe3c04f52b7e2b619f95c20cc3a59cbb873721"
url = "https://github.com/astral-sh/python-build-standalone/releases/download/20260623/cpython-3.10.20+20260623-x86_64-apple-darwin-install_only_stripped.tar.gz"
provenance = "github-attestations"

[tools.python."platforms.windows-x64"]
checksum = "sha256:94bd85f03ae02ee090abd694763e5337293d59ee78aae775c1338ac4cb01661f"
url = "https://github.com/astral-sh/python-build-standalone/releases/download/20260623/cpython-3.10.20+20260623-x86_64-pc-windows-msvc-install_only_stripped.tar.gz"
provenance = "github-attestations"
