# @generated - this file is auto-generated by `mise lock` https://mise.jdx.dev/dev-tools/mise-lock.html

[[tools."github:go-task/task"]]
version = "3.50.0"
backend = "github:go-task/task"

[tools."github:go-task/task"."platforms.linux-arm64"]
checksum = "sha256:ee67e7d999a4a70711bff1946c70bf76628012c91d9be55626ee90ba976897da"
url = "https://github.com/go-task/task/releases/download/v3.50.0/task_linux_arm64.tar.gz"
url_api = "https://api.github.com/repos/go-task/task/releases/assets/395680598"

[tools."github:go-task/task"."platforms.linux-arm64-musl"]
checksum = "sha256:ee67e7d999a4a70711bff1946c70bf76628012c91d9be55626ee90ba976897da"
url = "https://github.com/go-task/task/releases/download/v3.50.0/task_linux_arm64.tar.gz"
url_api = "https://api.github.com/repos/go-task/task/releases/assets/395680598"

[tools."github:go-task/task"."platforms.linux-x64"]
checksum = "sha256:d449ba85ab85a0769989d78f8b9872938e4ba9347f7f4f925f73d98272a0a655"
url = "https://github.com/go-task/task/releases/download/v3.50.0/task_linux_amd64.tar.gz"
url_api = "https://api.github.com/repos/go-task/task/releases/assets/395680585"

[tools."github:go-task/task"."platforms.linux-x64-musl"]
checksum = "sha256:d449ba85ab85a0769989d78f8b9872938e4ba9347f7f4f925f73d98272a0a655"
url = "https://github.com/go-task/task/releases/download/v3.50.0/task_linux_amd64.tar.gz"
url_api = "https://api.github.com/repos/go-task/task/releases/assets/395680585"

[tools."github:go-task/task"."platforms.macos-arm64"]
checksum = "sha256:838b7954f227b5e8f798ad83111195aed810cf4f98dfabef4aa77ea065dd74b0"
url = "https://github.com/go-task/task/releases/download/v3.50.0/task_darwin_arm64.tar.gz"
url_api = "https://api.github.com/repos/go-task/task/releases/assets/395680586"

[tools."github:go-task/task"."platforms.macos-x64"]
checksum = "sha256:da3ba003ec049fb8be1ff798132c951dcd08a60efbdc2d1e918bf2095cd4a39c"
url = "https://github.com/go-task/task/releases/download/v3.50.0/task_darwin_amd64.tar.gz"
url_api = "https://api.github.com/repos/go-task/task/releases/assets/395680563"

[tools."github:go-task/task"."platforms.windows-arm64"]
checksum = "sha256:e41ecc600429b9673ecdb45d35f04d96b4f148d83d3d1af496b8177f86ef8d83"
url = "https://github.com/go-task/task/releases/download/v3.50.0/task_windows_arm64.zip"
url_api = "https://api.github.com/repos/go-task/task/releases/assets/395680617"

[tools."github:go-task/task"."platforms.windows-x64"]
checksum = "sha256:82c20fbd19ac62073b8ecf89e026fbd209f702a2922106e4ff2ed6934d193038"
url = "https://github.com/go-task/task/releases/download/v3.50.0/task_windows_amd64.zip"
url_api = "https://api.github.com/repos/go-task/task/releases/assets/395680600"

[[tools."github:protocolbuffers/protobuf"]]
version = "23.4"
backend = "github:protocolbuffers/protobuf"

[tools."github:protocolbuffers/protobuf"."platforms.linux-arm64"]
url = "https://github.com/protocolbuffers/protobuf/releases/download/v23.4/protoc-23.4-linux-aarch_64.zip"
url_api = "https://api.github.com/repos/protocolbuffers/protobuf/releases/assets/115884195"

[tools."github:protocolbuffers/protobuf"."platforms.linux-arm64-musl"]
url = "https://github.com/protocolbuffers/protobuf/releases/download/v23.4/protoc-23.4-linux-aarch_64.zip"
url_api = "https://api.github.com/repos/protocolbuffers/protobuf/releases/assets/115884195"

[tools."github:protocolbuffers/protobuf"."platforms.linux-x64"]
url = "https://github.com/protocolbuffers/protobuf/releases/download/v23.4/protoc-23.4-linux-x86_64.zip"
url_api = "https://api.github.com/repos/protocolbuffers/protobuf/releases/assets/115884202"

[tools."github:protocolbuffers/protobuf"."platforms.linux-x64-musl"]
url = "https://github.com/protocolbuffers/protobuf/releases/download/v23.4/protoc-23.4-linux-x86_64.zip"
url_api = "https://api.github.com/repos/protocolbuffers/protobuf/releases/assets/115884202"

[tools."github:protocolbuffers/protobuf"."platforms.macos-arm64"]
checksum = "blake3:bfbde8becc7226a0d0f889f9a05329564278ee1e9885d45d278ada4de07ddf88"
url = "https://github.com/protocolbuffers/protobuf/releases/download/v23.4/protoc-23.4-osx-aarch_64.zip"
url_api = "https://api.github.com/repos/protocolbuffers/protobuf/releases/assets/115884203"

[tools."github:protocolbuffers/protobuf"."platforms.macos-x64"]
url = "https://github.com/protocolbuffers/protobuf/releases/download/v23.4/protoc-23.4-osx-x86_64.zip"
url_api = "https://api.github.com/repos/protocolbuffers/protobuf/releases/assets/115884205"

[tools."github:protocolbuffers/protobuf"."platforms.windows-arm64"]
url = "https://github.com/protocolbuffers/protobuf/releases/download/v23.4/protoc-23.4-win32.zip"
url_api = "https://api.github.com/repos/protocolbuffers/protobuf/releases/assets/115884207"

[tools."github:protocolbuffers/protobuf"."platforms.windows-x64"]
url = "https://github.com/protocolbuffers/protobuf/releases/download/v23.4/protoc-23.4-win32.zip"
url_api = "https://api.github.com/repos/protocolbuffers/protobuf/releases/assets/115884207"

[[tools.go]]
version = "1.26.6"
backend = "core:go"

[tools.go."platforms.linux-arm64"]
checksum = "sha256:d0507e9e9d7fe012aae570108cbd76c15de879e17130ab8cb90d4d7445cb1f2e"
url = "https://dl.google.com/go/go1.26.6.linux-arm64.tar.gz"

[tools.go."platforms.linux-arm64-musl"]
checksum = "sha256:d0507e9e9d7fe012aae570108cbd76c15de879e17130ab8cb90d4d7445cb1f2e"
url = "https://dl.google.com/go/go1.26.6.linux-arm64.tar.gz"

[tools.go."platforms.linux-x64"]
checksum = "sha256:708effb774be8237570d0add163225abbdfaf4fca28b2611df167beba4feef89"
url = "https://dl.google.com/go/go1.26.6.linux-amd64.tar.gz"

[tools.go."platforms.linux-x64-musl"]
checksum = "sha256:708effb774be8237570d0add163225abbdfaf4fca28b2611df167beba4feef89"
url = "https://dl.google.com/go/go1.26.6.linux-amd64.tar.gz"

[tools.go."platforms.macos-arm64"]
checksum = "sha256:2dc95ce4675829f2df0e86b28bcef3283635902062a5f0580ca659bf570f3204"
url = "https://dl.google.com/go/go1.26.6.darwin-arm64.tar.gz"

[tools.go."platforms.macos-x64"]
checksum = "sha256:08b65a63f244115121ced6c3b55ad38d801a7442acad5c949a17aad84ae6d684"
url = "https://dl.google.com/go/go1.26.6.darwin-amd64.tar.gz"

[tools.go."platforms.windows-arm64"]
checksum = "sha256:06dbe785743d534ef8a469dad88adf7f1b2b438507ccfef9b98e7cf8c97b4b68"
url = "https://dl.google.com/go/go1.26.6.windows-arm64.zip"

[tools.go."platforms.windows-x64"]
checksum = "sha256:5b6c5b556525810463b5c897b50dc7a82d6a3dc0bfaf55d990a7e9f31d6b2318"
url = "https://dl.google.com/go/go1.26.6.windows-amd64.zip"

[[tools.python]]
version = "3.10.20"
backend = "core:python"

[tools.python."platforms.linux-arm64"]
checksum = "sha256:2d9a5d103129bd8155f0332f3f876df90364038e59945369fa73fed15e6a2474"
url = "https://github.com/astral-sh/python-build-standalone/releases/download/20260623/cpython-3.10.20+20260623-aarch64-unknown-linux-gnu-install_only_stripped.tar.gz"
provenance = "github-attestations"

[tools.python."platforms.linux-arm64-musl"]
checksum = "sha256:c69776d67791f33f14e00224bc19f013d9a01a857ae26e9b381fb09adf3a03b8"
url = "https://github.com/astral-sh/python-build-standalone/releases/download/20260623/cpython-3.10.20+20260623-aarch64-unknown-linux-musl-install_only_stripped.tar.gz"
provenance = "github-attestations"

[tools.python."platforms.linux-x64"]
checksum = "sha256:ac308036658cee12537c90bf85985f348160663dfab8550f25fc19bf10695573"
url = "https://github.com/astral-sh/python-build-standalone/releases/download/20260623/cpython-3.10.20+20260623-x86_64-unknown-linux-gnu-install_only_stripped.tar.gz"
provenance = "github-attestations"

[tools.python."platforms.linux-x64-musl"]
checksum = "sha256:ada10acaebec935cf04ee1cd580dc52b47f71064ccca75669b5a3241af3eadc2"
url = "https://github.com/astral-sh/python-build-standalone/releases/download/20260623/cpython-3.10.20+20260623-x86_64-unknown-linux-musl-install_only_stripped.tar.gz"
provenance = "github-attestations"

[tools.python."platforms.macos-arm64"]
checksum = "sha256:1b966fa4f23c0b9a68eafa1c5720c86a622d5fbfedd49a38fe17e18987149caf"
url = "https://github.com/astral-sh/python-build-standalone/releases/download/20260623/cpython-3.10.20+20260623-aarch64-apple-darwin-install_only_stripped.tar.gz"
provenance = "github-attestations"

[tools.python."platforms.macos-x64"]
checksum = "sha256:7532d3a1a1b53dd302bc91a409fe3c04f52b7e2b619f95c20cc3a59cbb873721"
url = "https://github.com/astral-sh/python-build-standalone/releases/download/20260623/cpython-3.10.20+20260623-x86_64-apple-darwin-install_only_stripped.tar.gz"
provenance = "github-attestations"

[tools.python."platforms.windows-x64"]
checksum = "sha256:94bd85f03ae02ee090abd694763e5337293d59ee78aae775c1338ac4cb01661f"
url = "https://github.com/astral-sh/python-build-standalone/releases/download/20260623/cpython-3.10.20+20260623-x86_64-pc-windows-msvc-install_only_stripped.tar.gz"
provenance = "github-attestations"
